// !$*UTF8*$!
{
	archiveVersion = 1;
	classes = {
	};
	objectVersion = 46;
	objects = {

/* Begin PBXBuildFile section */
		DDF4851C1A7435DA00671365 /* AppDelegate.swift in Sources */ = {isa = PBXBuildFile; fileRef = DDF4851B1A7435DA00671365 /* AppDelegate.swift */; };
		DDF4851F1A7435DA00671365 /* ExchangeAGram.xcdatamodeld in Sources */ = {isa = PBXBuildFile; fileRef = DDF4851D1A7435DA00671365 /* ExchangeAGram.xcdatamodeld */; };
		DDF485241A7435DA00671365 /* Main.storyboard in Resources */ = {isa = PBXBuildFile; fileRef = DDF485221A7435DA00671365 /* Main.storyboard */; };
		DDF485261A7435DA00671365 /* Images.xcassets in Resources */ = {isa = PBXBuildFile; fileRef = DDF485251A7435DA00671365 /* Images.xcassets */; };
		DDF485291A7435DA00671365 /* LaunchScreen.xib in Resources */ = {isa = PBXBuildFile; fileRef = DDF485271A7435DA00671365 /* LaunchScreen.xib */; };
		DDF485351A7435DB00671365 /* ExchangeAGramTests.swift in Sources */ = {isa = PBXBuildFile; fileRef = DDF485341A7435DB00671365 /* ExchangeAGramTests.swift */; };
		DDF4853F1A74375000671365 /* FeedViewController.swift in Sources */ = {isa = PBXBuildFile; fileRef = DDF4853E1A74375000671365 /* FeedViewController.swift */; };
		DDF485411A7438FB00671365 /* FeedCell.swift in Sources */ = {isa = PBXBuildFile; fileRef = DDF485401A7438FB00671365 /* FeedCell.swift */; };
/* End PBXBuildFile section */

/* Begin PBXContainerItemProxy section */
		DDF4852F1A7435DB00671365 /* PBXContainerItemProxy */ = {
			isa = PBXContainerItemProxy;
			containerPortal = DDF4850E1A7435DA00671365 /* Project object */;
			proxyType = 1;
			remoteGlobalIDString = DDF485151A7435DA00671365;
			remoteInfo = ExchangeAGram;
		};
/* End PBXContainerItemProxy section */

/* Begin PBXFileReference section */
		DDF485161A7435DA00671365 /* ExchangeAGram.app */ = {isa = PBXFileReference; explicitFileType = wrapper.application; includeInIndex = 0; path = ExchangeAGram.app; sourceTree = BUILT_PRODUCTS_DIR; };
		DDF4851A1A7435DA00671365 /* Info.plist */ = {isa = PBXFileReference; lastKnownFileType = text.plist.xml; path = Info.plist; sourceTree = "<group>"; };
		DDF4851B1A7435DA00671365 /* AppDelegate.swift */ = {isa = PBXFileReference; lastKnownFileType = sourcecode.swift; path = AppDelegate.swift; sourceTree = "<group>"; };
		DDF4851E1A7435DA00671365 /* ExchangeAGram.xcdatamodel */ = {isa = PBXFileReference; lastKnownFileType = wrapper.xcdatamodel; path = ExchangeAGram.xcdatamodel; sourceTree = "<group>"; };
		DDF485231A7435DA00671365 /* Base */ = {isa = PBXFileReference; lastKnownFileType = file.storyboard; name = Base; path = Base.lproj/Main.storyboard; sourceTree = "<group>"; };
		DDF485251A7435DA00671365 /* Images.xcassets */ = {isa = PBXFileReference; lastKnownFileType = folder.assetcatalog; path = Images.xcassets; sourceTree = "<group>"; };
		DDF485281A7435DA00671365 /* Base */ = {isa = PBXFileReference; lastKnownFileType = file.xib; name = Base; path = Base.lproj/LaunchScreen.xib; sourceTree = "<group>"; };
		DDF4852E1A7435DB00671365 /* ExchangeAGramTests.xctest */ = {isa = PBXFileReference; explicitFileType = wrapper.cfbundle; includeInIndex = 0; path = ExchangeAGramTests.xctest; sourceTree = BUILT_PRODUCTS_DIR; };
		DDF485331A7435DB00671365 /* Info.plist */ = {isa = PBXFileReference; lastKnownFileType = text.plist.xml; path = Info.plist; sourceTree = "<group>"; };
		DDF485341A7435DB00671365 /* ExchangeAGramTests.swift */ = {isa = PBXFileReference; lastKnownFileType = sourcecode.swift; path = ExchangeAGramTests.swift; sourceTree = "<group>"; };
		DDF4853E1A74375000671365 /* FeedViewController.swift */ = {isa = PBXFileReference; fileEncoding = 4; lastKnownFileType = sourcecode.swift; path = FeedViewController.swift; sourceTree = "<group>"; };
		DDF485401A7438FB00671365 /* FeedCell.swift */ = {isa = PBXFileReference; fileEncoding = 4; lastKnownFileType = sourcecode.swift; path = FeedCell.swift; sourceTree = "<group>"; };
/* End PBXFileReference section */

/* Begin PBXFrameworksBuildPhase section */
		DDF485131A7435DA00671365 /* Frameworks */ = {
			isa = PBXFrameworksBuildPhase;
			buildActionMask = 2147483647;
			files = (
			);
			runOnlyForDeploymentPostprocessing = 0;
		};
		DDF4852B1A7435DB00671365 /* Frameworks */ = {
			isa = PBXFrameworksBuildPhase;
			buildActionMask = 2147483647;
			files = (
			);
			runOnlyForDeploymentPostprocessing = 0;
		};
/* End PBXFrameworksBuildPhase section */

/* Begin PBXGroup section */
		DDF4850D1A7435DA00671365 = {
			isa = PBXGroup;
			children = (
				DDF485181A7435DA00671365 /* ExchangeAGram */,
				DDF485311A7435DB00671365 /* ExchangeAGramTests */,
				DDF485171A7435DA00671365 /* Products */,
			);
			sourceTree = "<group>";
		};
		DDF485171A7435DA00671365 /* Products */ = {
			isa = PBXGroup;
			children = (
				DDF485161A7435DA00671365 /* ExchangeAGram.app */,
				DDF4852E1A7435DB00671365 /* ExchangeAGramTests.xctest */,
			);
			name = Products;
			sourceTree = "<group>";
		};
		DDF485181A7435DA00671365 /* ExchangeAGram */ = {
			isa = PBXGroup;
			children = (
				DDF4851B1A7435DA00671365 /* AppDelegate.swift */,
				DDF4853E1A74375000671365 /* FeedViewController.swift */,
				DDF485401A7438FB00671365 /* FeedCell.swift */,
				DDF485221A7435DA00671365 /* Main.storyboard */,
				DDF485251A7435DA00671365 /* Images.xcassets */,
				DDF485271A7435DA00671365 /* LaunchScreen.xib */,
				DDF4851D1A7435DA00671365 /* ExchangeAGram.xcdatamodeld */,
				DDF485191A7435DA00671365 /* Supporting Files */,
			);
			path = ExchangeAGram;
			sourceTree = "<group>";
		};
		DDF485191A7435DA00671365 /* Supporting Files */ = {
			isa = PBXGroup;
			children = (
				DDF4851A1A7435DA00671365 /* Info.plist */,
			);
			name = "Supporting Files";
			sourceTree = "<group>";
		};
		DDF485311A7435DB00671365 /* ExchangeAGramTests */ = {
			isa = PBXGroup;
			children = (
				DDF485341A7435DB00671365 /* ExchangeAGramTests.swift */,
				DDF485321A7435DB00671365 /* Supporting Files */,
			);
			path = ExchangeAGramTests;
			sourceTree = "<group>";
		};
		DDF485321A7435DB00671365 /* Supporting Files */ = {
			isa = PBXGroup;
			children = (
				DDF485331A7435DB00671365 /* Info.plist */,
			);
			name = "Supporting Files";
			sourceTree = "<group>";
		};
/* End PBXGroup section */

/* Begin PBXNativeTarget section */
		DDF485151A7435DA00671365 /* ExchangeAGram */ = {
			isa = PBXNativeTarget;
			buildConfigurationList = DDF485381A7435DB00671365 /* Build configuration list for PBXNativeTarget "ExchangeAGram" */;
			buildPhases = (
				DDF485121A7435DA00671365 /* Sources */,
				DDF485131A7435DA00671365 /* Frameworks */,
				DDF485141A7435DA00671365 /* Resources */,
			);
			buildRules = (
			);
			dependencies = (
			);
			name = ExchangeAGram;
			productName = ExchangeAGram;
			productReference = DDF485161A7435DA00671365 /* ExchangeAGram.app */;
			productType = "com.apple.product-type.application";
		};
		DDF4852D1A7435DB00671365 /* ExchangeAGramTests */ = {
			isa = PBXNativeTarget;
			buildConfigurationList = DDF4853B1A7435DB00671365 /* Build configuration list for PBXNativeTarget "ExchangeAGramTests" */;
			buildPhases = (
				DDF4852A1A7435DB00671365 /* Sources */,
				DDF4852B1A7435DB00671365 /* Frameworks */,
				DDF4852C1A7435DB00671365 /* Resources */,
			);
			buildRules = (
			);
			dependencies = (
				DDF485301A7435DB00671365 /* PBXTargetDependency */,
			);
			name = ExchangeAGramTests;
			productName = ExchangeAGramTests;
			productReference = DDF4852E1A7435DB00671365 /* ExchangeAGramTests.xctest */;
			productType = "com.apple.product-type.bundle.unit-test";
		};
/* End PBXNativeTarget section */

/* Begin PBXProject section */
		DDF4850E1A7435DA00671365 /* Project object */ = {
			isa = PBXProject;
			attributes = {
				LastUpgradeCheck = 0610;
				ORGANIZATIONNAME = AlexGaesser;
				TargetAttributes = {
					DDF485151A7435DA00671365 = {
						CreatedOnToolsVersion = 6.1.1;
					};
					DDF4852D1A7435DB00671365 = {
						CreatedOnToolsVersion = 6.1.1;
						TestTargetID = DDF485151A7435DA00671365;
					};
				};
			};
			buildConfigurationList = DDF485111A7435DA00671365 /* Build configuration list for PBXProject "ExchangeAGram" */;
			compatibilityVersion = "Xcode 3.2";
			developmentRegion = English;
			hasScannedForEncodings = 0;
			knownRegions = (
				en,
				Base,
			);
			mainGroup = DDF4850D1A7435DA00671365;
			productRefGroup = DDF485171A7435DA00671365 /* Products */;
			projectDirPath = "";
			projectRoot = "";
			targets = (
				DDF485151A7435DA00671365 /* ExchangeAGram */,
				DDF4852D1A7435DB00671365 /* ExchangeAGramTests */,
			);
		};
/* End PBXProject section */

/* Begin PBXResourcesBuildPhase section */
		DDF485141A7435DA00671365 /* Resources */ = {
			isa = PBXResourcesBuildPhase;
			buildActionMask = 2147483647;
			files = (
				DDF485241A7435DA00671365 /* Main.storyboard in Resources */,
				DDF485291A7435DA00671365 /* LaunchScreen.xib in Resources */,
				DDF485261A7435DA00671365 /* Images.xcassets in Resources */,
			);
			runOnlyForDeploymentPostprocessing = 0;
		};
		DDF4852C1A7435DB00671365 /* Resources */ = {
			isa = PBXResourcesBuildPhase;
			buildActionMask = 2147483647;
			files = (
			);
			runOnlyForDeploymentPostprocessing = 0;
		};
/* End PBXResourcesBuildPhase section */

/* Begin PBXSourcesBuildPhase section */
		DDF485121A7435DA00671365 /* Sources */ = {
			isa = PBXSourcesBuildPhase;
			buildActionMask = 2147483647;
			files = (
				DDF4851C1A7435DA00671365 /* AppDelegate.swift in Sources */,
				DDF485411A7438FB00671365 /* FeedCell.swift in Sources */,
				DDF4853F1A74375000671365 /* FeedViewController.swift in Sources */,
				DDF4851F1A7435DA00671365 /* ExchangeAGram.xcdatamodeld in Sources */,
			);
			runOnlyForDeploymentPostprocessing = 0;
		};
		DDF4852A1A7435DB00671365 /* Sources */ = {
			isa = PBXSourcesBuildPhase;
			buildActionMask = 2147483647;
			files = (
				DDF485351A7435DB00671365 /* ExchangeAGramTests.swift in Sources */,
			);
			runOnlyForDeploymentPostprocessing = 0;
		};
/* End PBXSourcesBuildPhase section */

/* Begin PBXTargetDependency section */
		DDF485301A7435DB00671365 /* PBXTargetDependency */ = {
			isa = PBXTargetDependency;
			target = DDF485151A7435DA00671365 /* ExchangeAGram */;
			targetProxy = DDF4852F1A7435DB00671365 /* PBXContainerItemProxy */;
		};
/* End PBXTargetDependency section */

/* Begin PBXVariantGroup section */
		DDF485221A7435DA00671365 /* Main.storyboard */ = {
			isa = PBXVariantGroup;
			children = (
				DDF485231A7435DA00671365 /* Base */,
			);
			name = Main.storyboard;
			sourceTree = "<group>";
		};
		DDF485271A7435DA00671365 /* LaunchScreen.xib */ = {
			isa = PBXVariantGroup;
			children = (
				DDF485281A7435DA00671365 /* Base */,
			);
			name = LaunchScreen.xib;
			sourceTree = "<group>";
		};
/* End PBXVariantGroup section */

/* Begin XCBuildConfiguration section */
		DDF485361A7435DB00671365 /* Debug */ = {
			isa = XCBuildConfiguration;
			buildSettings = {
				ALWAYS_SEARCH_USER_PATHS = NO;
				CLANG_CXX_LANGUAGE_STANDARD = "gnu++0x";
				CLANG_CXX_LIBRARY = "libc++";
				CLANG_ENABLE_MODULES = YES;
				CLANG_ENABLE_OBJC_ARC = YES;
				CLANG_WARN_BOOL_CONVERSION = YES;
				CLANG_WARN_CONSTANT_CONVERSION = YES;
				CLANG_WARN_DIRECT_OBJC_ISA_USAGE = YES_ERROR;
				CLANG_WARN_EMPTY_BODY = YES;
				CLANG_WARN_ENUM_CONVERSION = YES;
				CLANG_WARN_INT_CONVERSION = YES;
				CLANG_WARN_OBJC_ROOT_CLASS = YES_ERROR;
				CLANG_WARN_UNREACHABLE_CODE = YES;
				CLANG_WARN__DUPLICATE_METHOD_MATCH = YES;
				"CODE_SIGN_IDENTITY[sdk=iphoneos*]" = "iPhone Developer";
				COPY_PHASE_STRIP = NO;
				ENABLE_STRICT_OBJC_MSGSEND = YES;
				GCC_C_LANGUAGE_STANDARD = gnu99;
				GCC_DYNAMIC_NO_PIC = NO;
				GCC_OPTIMIZATION_LEVEL = 0;
				GCC_PREPROCESSOR_DEFINITIONS = (
					"DEBUG=1",
					"$(inherited)",
				);
				GCC_SYMBOLS_PRIVATE_EXTERN = NO;
				GCC_WARN_64_TO_32_BIT_CONVERSION = YES;
				GCC_WARN_ABOUT_RETURN_TYPE = YES_ERROR;
				GCC_WARN_UNDECLARED_SELECTOR = YES;
				GCC_WARN_UNINITIALIZED_AUTOS = YES_AGGRESSIVE;
				GCC_WARN_UNUSED_FUNCTION = YES;
				GCC_WARN_UNUSED_VARIABLE = YES;
				IPHONEOS_DEPLOYMENT_TARGET = 8.1;
				MTL_ENABLE_DEBUG_INFO = YES;
				ONLY_ACTIVE_ARCH = YES;
				SDKROOT = iphoneos;
				SWIFT_OPTIMIZATION_LEVEL = "-Onone";
				TARGETED_DEVICE_FAMILY = "1,2";
			};
			name = Debug;
		};
		DDF485371A7435DB00671365 /* Release */ = {
			isa = XCBuildConfiguration;
			buildSettings = {
				ALWAYS_SEARCH_USER_PATHS = NO;
				CLANG_CXX_LANGUAGE_STANDARD = "gnu++0x";
				CLANG_CXX_LIBRARY = "libc++";
				CLANG_ENABLE_MODULES = YES;
				CLANG_ENABLE_OBJC_ARC = YES;
				CLANG_WARN_BOOL_CONVERSION = YES;
				CLANG_WARN_CONSTANT_CONVERSION = YES;
				CLANG_WARN_DIRECT_OBJC_ISA_USAGE = YES_ERROR;
				CLANG_WARN_EMPTY_BODY = YES;
				CLANG_WARN_ENUM_CONVERSION = YES;
				CLANG_WARN_INT_CONVERSION = YES;
				CLANG_WARN_OBJC_ROOT_CLASS = YES_ERROR;
				CLANG_WARN_UNREACHABLE_CODE = YES;
				CLANG_WARN__DUPLICATE_METHOD_MATCH = YES;
				"CODE_SIGN_IDENTITY[sdk=iphoneos*]" = "iPhone Developer";
				COPY_PHASE_STRIP = YES;
				ENABLE_NS_ASSERTIONS = NO;
				ENABLE_STRICT_OBJC_MSGSEND = YES;
				GCC_C_LANGUAGE_STANDARD = gnu99;
				GCC_WARN_64_TO_32_BIT_CONVERSION = YES;
				GCC_WARN_ABOUT_RETURN_TYPE = YES_ERROR;
				GCC_WARN_UNDECLARED_SELECTOR = YES;
				GCC_WARN_UNINITIALIZED_AUTOS = YES_AGGRESSIVE;
				GCC_WARN_UNUSED_FUNCTION = YES;
				GCC_WARN_UNUSED_VARIABLE = YES;
				IPHONEOS_DEPLOYMENT_TARGET = 8.1;
				MTL_ENABLE_DEBUG_INFO = NO;
				SDKROOT = iphoneos;
				TARGETED_DEVICE_FAMILY = "1,2";
				VALIDATE_PRODUCT = YES;
			};
			name = Release;
		};
		DDF485391A7435DB00671365 /* Debug */ = {
			isa = XCBuildConfiguration;
			buildSettings = {
				ASSETCATALOG_COMPILER_APPICON_NAME = AppIcon;
				INFOPLIST_FILE = ExchangeAGram/Info.plist;
				LD_RUNPATH_SEARCH_PATHS = "$(inherited) @executable_path/Frameworks";
				PRODUCT_NAME = "$(TARGET_NAME)";
			};
			name = Debug;
		};
		DDF4853A1A7435DB00671365 /* Release */ = {
			isa = XCBuildConfiguration;
			buildSettings = {
				ASSETCATALOG_COMPILER_APPICON_NAME = AppIcon;
				INFOPLIST_FILE = ExchangeAGram/Info.plist;
				LD_RUNPATH_SEARCH_PATHS = "$(inherited) @executable_path/Frameworks";
				PRODUCT_NAME = "$(TARGET_NAME)";
			};
			name = Release;
		};
		DDF4853C1A7435DB00671365 /* Debug */ = {
			isa = XCBuildConfiguration;
			buildSettings = {
				BUNDLE_LOADER = "$(TEST_HOST)";
				FRAMEWORK_SEARCH_PATHS = (
					"$(SDKROOT)/Developer/Library/Frameworks",
					"$(inherited)",
				);
				GCC_PREPROCESSOR_DEFINITIONS = (
					"DEBUG=1",
					"$(inherited)",
				);
				INFOPLIST_FILE = ExchangeAGramTests/Info.plist;
				LD_RUNPATH_SEARCH_PATHS = "$(inherited) @executable_path/Frameworks @loader_path/Frameworks";
				PRODUCT_NAME = "$(TARGET_NAME)";
				TEST_HOST = "$(BUILT_PRODUCTS_DIR)/ExchangeAGram.app/ExchangeAGram";
			};
			name = Debug;
		};
		DDF4853D1A7435DB00671365 /* Release */ = {
			isa = XCBuildConfiguration;
			buildSettings = {
				BUNDLE_LOADER = "$(TEST_HOST)";
				FRAMEWORK_SEARCH_PATHS = (
					"$(SDKROOT)/Developer/Library/Frameworks",
					"$(inherited)",
				);
				INFOPLIST_FILE = ExchangeAGramTests/Info.plist;
				LD_RUNPATH_SEARCH_PATHS = "$(inherited) @executable_path/Frameworks @loader_path/Frameworks";
				PRODUCT_NAME = "$(TARGET_NAME)";
				TEST_HOST = "$(BUILT_PRODUCTS_DIR)/ExchangeAGram.app/ExchangeAGram";
			};
			name = Release;
		};
/* End XCBuildConfiguration section */

/* Begin XCConfigurationList section */
		DDF485111A7435DA00671365 /* Build configuration list for PBXProject "ExchangeAGram" */ = {
			isa = XCConfigurationList;
			buildConfigurations = (
				DDF485361A7435DB00671365 /* Debug */,
				DDF485371A7435DB00671365 /* Release */,
			);
			defaultConfigurationIsVisible = 0;
			defaultConfigurationName = Release;
		};
		DDF485381A7435DB00671365 /* Build configuration list for PBXNativeTarget "ExchangeAGram" */ = {
			isa = XCConfigurationList;
			buildConfigurations = (
				DDF485391A7435DB00671365 /* Debug */,
				DDF4853A1A7435DB00671365 /* Release */,
			);
			defaultConfigurationIsVisible = 0;
		};
		DDF4853B1A7435DB00671365 /* Build configuration list for PBXNativeTarget "ExchangeAGramTests" */ = {
			isa = XCConfigurationList;
			buildConfigurations = (
				DDF4853C1A7435DB00671365 /* Debug */,
				DDF4853D1A7435DB00671365 /* Release */,
			);
			defaultConfigurationIsVisible = 0;
		};
/* End XCConfigurationList section */

/* Begin XCVersionGroup section */
		DDF4851D1A7435DA00671365 /* ExchangeAGram.xcdatamodeld */ = {
			isa = XCVersionGroup;
			children = (
				DDF4851E1A7435DA00671365 /* ExchangeAGram.xcdatamodel */,
			);
			currentVersion = DDF4851E1A7435DA00671365 /* ExchangeAGram.xcdatamodel */;
			path = ExchangeAGram.xcdatamodeld;
			sourceTree = "<group>";
			versionGroupType = wrapper.xcdatamodel;
		};
/* End XCVersionGroup section */
	};
	rootObject = DDF4850E1A7435DA00671365 /* Project object */;
}
